
Microsoft Visual Studio Solution File, Format Version 12.00
# Visual Studio 15
VisualStudioVersion = 15.0.27703.2042
MinimumVisualStudioVersion = 10.0.40219.1
Project("{FAE04EC0-301F-11D3-BF4B-00C04F79EFBC}") = "Demos Advanced .NET", "Demos Advanced .NET\Demos Advanced .NET.csproj", "{82DB8E1F-B3F7-468C-B290-7A913946B039}"
EndProject
Project("{FAE04EC0-301F-11D3-BF4B-00C04F79EFBC}") = "Multithreading", "Multithreading\Multithreading.csproj", "{A371119A-13D4-4932-812D-08691A43A568}"
EndProject
Project("{FAE04EC0-301F-11D3-BF4B-00C04F79EFBC}") = "Collections", "Collections\Collections.csproj", "{7EC1406F-AB2B-49C7-BF45-F05B52FD7C18}"
EndProject
Global
	GlobalSection(SolutionConfigurationPlatforms) = preSolution
		Debug|Any CPU = Debug|Any CPU
		Release|Any CPU = Release|Any CPU
	EndGlobalSection
	GlobalSection(ProjectConfigurationPlatforms) = postSolution
		{82DB8E1F-B3F7-468C-B290-7A913946B039}.Debug|Any CPU.ActiveCfg = Debug|Any CPU
		{82DB8E1F-B3F7-468C-B290-7A913946B039}.Debug|Any CPU.Build.0 = Debug|Any CPU
		{82DB8E1F-B3F7-468C-B290-7A913946B039}.Release|Any CPU.ActiveCfg = Release|Any CPU
		{82DB8E1F-B3F7-468C-B290-7A913946B039}.Release|Any CPU.Build.0 = Release|Any CPU
		{A371119A-13D4-4932-812D-08691A43A568}.Debug|Any CPU.ActiveCfg = Debug|Any CPU
		{A371119A-13D4-4932-812D-08691A43A568}.Debug|Any CPU.Build.0 = Debug|Any CPU
		{A371119A-13D4-4932-812D-08691A43A568}.Release|Any CPU.ActiveCfg = Release|Any CPU
		{A371119A-13D4-4932-812D-08691A43A568}.Release|Any CPU.Build.0 = Release|Any CPU
		{7EC1406F-AB2B-49C7-BF45-F05B52FD7C18}.Debug|Any CPU.ActiveCfg = Debug|Any CPU
		{7EC1406F-AB2B-49C7-BF45-F05B52FD7C18}.Debug|Any CPU.Build.0 = Debug|Any CPU
		{7EC1406F-AB2B-49C7-BF45-F05B52FD7C18}.Release|Any CPU.ActiveCfg = Release|Any CPU
		{7EC1406F-AB2B-49C7-BF45-F05B52FD7C18}.Release|Any CPU.Build.0 = Release|Any CPU
	EndGlobalSection
	GlobalSection(SolutionProperties) = preSolution
		HideSolutionNode = FALSE
	EndGlobalSection
	GlobalSection(ExtensibilityGlobals) = postSolution
		SolutionGuid = {8690D7CA-CD14-4654-AE7E-3FAC2B487875}
	EndGlobalSection
EndGlobal
